
Microsoft Visual Studio Solution File, Format Version 12.00
# Visual Studio Version 17
VisualStudioVersion = 17.11.35327.3
MinimumVisualStudioVersion = 10.0.40219.1
Project("{9A19103F-16F7-4668-BE54-9A1E7A4F7556}") = "ChatServer", "ChatServer\ChatServer.csproj", "{A588997C-8BBC-4EAF-8E34-BB3A02E6FD04}"
EndProject
Project("{9A19103F-16F7-4668-BE54-9A1E7A4F7556}") = "ChatLauncher", "ChatLauncher\ChatLauncher.csproj", "{962222B5-F884-454C-A8F3-1AF4142015CD}"
EndProject
Project("{9A19103F-16F7-4668-BE54-9A1E7A4F7556}") = "NetworkFramework", "..\NetworkFramework\NetworkFramework\NetworkFramework.csproj", "{4C6A790A-9209-4B2C-ACD5-6B89B152A065}"
EndProject
Project("{9A19103F-16F7-4668-BE54-9A1E7A4F7556}") = "ChatCommon", "ChatCommon\ChatCommon.csproj", "{654CF98B-91CC-46CD-B89C-0D766292548F}"
EndProject
Project("{FAE04EC0-301F-11D3-BF4B-00C04F79EFBC}") = "ChatClient", "ChatClient\ChatClient.csproj", "{7424FADA-F1C4-4432-A549-CB3534B13E00}"
EndProject
Global
	GlobalSection(SolutionConfigurationPlatforms) = preSolution
		Debug|Any CPU = Debug|Any CPU
		Release|Any CPU = Release|Any CPU
	EndGlobalSection
	GlobalSection(ProjectConfigurationPlatforms) = postSolution
		{A588997C-8BBC-4EAF-8E34-BB3A02E6FD04}.Debug|Any CPU.ActiveCfg = Debug|Any CPU
		{A588997C-8BBC-4EAF-8E34-BB3A02E6FD04}.Debug|Any CPU.Build.0 = Debug|Any CPU
		{A588997C-8BBC-4EAF-8E34-BB3A02E6FD04}.Release|Any CPU.ActiveCfg = Release|Any CPU
		{A588997C-8BBC-4EAF-8E34-BB3A02E6FD04}.Release|Any CPU.Build.0 = Release|Any CPU
		{962222B5-F884-454C-A8F3-1AF4142015CD}.Debug|Any CPU.ActiveCfg = Debug|Any CPU
		{962222B5-F884-454C-A8F3-1AF4142015CD}.Debug|Any CPU.Build.0 = Debug|Any CPU
		{962222B5-F884-454C-A8F3-1AF4142015CD}.Release|Any CPU.ActiveCfg = Release|Any CPU
		{962222B5-F884-454C-A8F3-1AF4142015CD}.Release|Any CPU.Build.0 = Release|Any CPU
		{4C6A790A-9209-4B2C-ACD5-6B89B152A065}.Debug|Any CPU.ActiveCfg = Debug|Any CPU
		{4C6A790A-9209-4B2C-ACD5-6B89B152A065}.Debug|Any CPU.Build.0 = Debug|Any CPU
		{4C6A790A-9209-4B2C-ACD5-6B89B152A065}.Release|Any CPU.ActiveCfg = Release|Any CPU
		{4C6A790A-9209-4B2C-ACD5-6B89B152A065}.Release|Any CPU.Build.0 = Release|Any CPU
		{654CF98B-91CC-46CD-B89C-0D766292548F}.Debug|Any CPU.ActiveCfg = Debug|Any CPU
		{654CF98B-91CC-46CD-B89C-0D766292548F}.Debug|Any CPU.Build.0 = Debug|Any CPU
		{654CF98B-91CC-46CD-B89C-0D766292548F}.Release|Any CPU.ActiveCfg = Release|Any CPU
		{654CF98B-91CC-46CD-B89C-0D766292548F}.Release|Any CPU.Build.0 = Release|Any CPU
		{7424FADA-F1C4-4432-A549-CB3534B13E00}.Debug|Any CPU.ActiveCfg = Debug|Any CPU
		{7424FADA-F1C4-4432-A549-CB3534B13E00}.Debug|Any CPU.Build.0 = Debug|Any CPU
		{7424FADA-F1C4-4432-A549-CB3534B13E00}.Release|Any CPU.ActiveCfg = Release|Any CPU
		{7424FADA-F1C4-4432-A549-CB3534B13E00}.Release|Any CPU.Build.0 = Release|Any CPU
	EndGlobalSection
	GlobalSection(SolutionProperties) = preSolution
		HideSolutionNode = FALSE
	EndGlobalSection
	GlobalSection(ExtensibilityGlobals) = postSolution
		SolutionGuid = {147548BB-195A-4C0D-9881-76A57EFB9446}
	EndGlobalSection
EndGlobal
